// !$*UTF8*$!
{
	archiveVersion = 1;
	classes = {
	};
	objectVersion = 48;
	objects = {

/* Begin PBXBuildFile section */
		0B75B0DBA9816BCCCF1F4B0D86212395 /* Assets.xcassets in Resources */ = {isa = PBXBuildFile; fileRef = 3012A867504E44852049A6042E842860 /* Assets.xcassets */; };
		3C0441248E8AA102F9F981BA9767E23B /* libPods-TESTXuniqueUITests.a in Frameworks */ = {isa = PBXBuildFile; fileRef = 2968983E0AACF0B9110501B0C7C071ED /* libPods-TESTXuniqueUITests.a */; };
		4124B96185CA4F9D4F043DD2E9DC9EC0 /* LaunchScreen.storyboard in Resources */ = {isa = PBXBuildFile; fileRef = 3D70AD91CFD008F6B83A0D31D0415F0E /* LaunchScreen.storyboard */; };
		56CC54B12950002CEA2EE341796F8A3C /* libPods-TESTXuniqueTests.a in Frameworks */ = {isa = PBXBuildFile; fileRef = 8297783E26738AE71072CCD8D2BA8E2F /* libPods-TESTXuniqueTests.a */; };
		5AFC85CA3EE575D03EB5960ABF39695F /* TESTXuniqueTests.m in Sources */ = {isa = PBXBuildFile; fileRef = 07721F0CF812EFD08B9B18F1BFE505A9 /* TESTXuniqueTests.m */; };
		86B31E7DC41B0373FE04267AFD54A161 /* AppDelegate.m in Sources */ = {isa = PBXBuildFile; fileRef = 5235810C71D79A79D8CD6EAC8942F9F9 /* AppDelegate.m */; };
		C4F6459B70EBEE76A93181F35BC6E2A4 /* main.m in Sources */ = {isa = PBXBuildFile; fileRef = B0DB2E256330E2B2209C9317E7EF30A7 /* main.m */; };
		CED81C598C369F2F617F617CCCB7C71A /* ViewController.m in Sources */ = {isa = PBXBuildFile; fileRef = 8AD5F20D262E07190312067FCA459E6A /* ViewController.m */; };
		E0A3C8F9BED1DDE35A558D3AA90CA34F /* libPods-TESTXunique.a in Frameworks */ = {isa = PBXBuildFile; fileRef = AF5152A9D0DAACFC81B7F8DD068853A3 /* libPods-TESTXunique.a */; };
		E895B828BC51E83DF4301ED2B90EAFE6 /* TESTXuniqueUITests.m in Sources */ = {isa = PBXBuildFile; fileRef = D62B5BD3E8CACE65FB9DA8235F40B22B /* TESTXuniqueUITests.m */; };
		F8A2335087E09AEE8C3E952E47FB9484 /* Main.storyboard in Resources */ = {isa = PBXBuildFile; fileRef = EE13236F4DF93EC3AD208163EE68EA71 /* Main.storyboard */; };
/* End PBXBuildFile section */

/* Begin PBXContainerItemProxy section */
		CDB4AD37BD8B5EA67F6A86705B7FDF5E /* PBXContainerItemProxy */ = {
			isa = PBXContainerItemProxy;
			containerPortal = CF9B4D3F6D518392B90B8C3594D0AB2A /* Project object */;
			proxyType = 1;
			remoteGlobalIDString = 8CBE91932FDC3AFE62DA836718399A79;
			remoteInfo = TESTXunique;
		};
		89E764B819DADFE47E5535B10337F794 /* PBXContainerItemProxy */ = {
			isa = PBXContainerItemProxy;
			containerPortal = CF9B4D3F6D518392B90B8C3594D0AB2A /* Project object */;
			proxyType = 1;
			remoteGlobalIDString = 8CBE91932FDC3AFE62DA836718399A79;
			remoteInfo = TESTXunique;
		};
/* End PBXContainerItemProxy section */

/* Begin PBXFileReference section */
		0142F872FA202719090E42A573DB9767 /* TESTXunique.app */ = {isa = PBXFileReference; explicitFileType = wrapper.application; includeInIndex = 0; path = TESTXunique.app; sourceTree = BUILT_PRODUCTS_DIR; };
		07721F0CF812EFD08B9B18F1BFE505A9 /* TESTXuniqueTests.m */ = {isa = PBXFileReference; lastKnownFileType = sourcecode.c.objc; path = TESTXuniqueTests.m; sourceTree = "<group>"; };
		1FC1B9BDB313C3E408DEAC3B83562CEA /* Info.plist */ = {isa = PBXFileReference; lastKnownFileType = text.plist.xml; path = Info.plist; sourceTree = "<group>"; };
		2968983E0AACF0B9110501B0C7C071ED /* libPods-TESTXuniqueUITests.a */ = {isa = PBXFileReference; explicitFileType = archive.ar; includeInIndex = 0; path = "libPods-TESTXuniqueUITests.a"; sourceTree = BUILT_PRODUCTS_DIR; };
		3012A867504E44852049A6042E842860 /* Assets.xcassets */ = {isa = PBXFileReference; lastKnownFileType = folder.assetcatalog; path = Assets.xcassets; sourceTree = "<group>"; };
		4CCC4B31945C077520645FB497CD9429 /* Pods-TESTXuniqueUITests.release.xcconfig */ = {isa = PBXFileReference; includeInIndex = 1; lastKnownFileType = text.xcconfig; name = "Pods-TESTXuniqueUITests.release.xcconfig"; path = "Pods/Target Support Files/Pods-TESTXuniqueUITests/Pods-TESTXuniqueUITests.release.xcconfig"; sourceTree = "<group>"; };
		5235810C71D79A79D8CD6EAC8942F9F9 /* AppDelegate.m */ = {isa = PBXFileReference; lastKnownFileType = sourcecode.c.objc; path = AppDelegate.m; sourceTree = "<group>"; };
		555A232CE81F1475ADC24F6C6695E660 /* ViewController.h */ = {isa = PBXFileReference; lastKnownFileType = sourcecode.c.h; path = ViewController.h; sourceTree = "<group>"; };
		5F9FD5BBDB7421EBC44171DAA2BBF4CC /* Info.plist */ = {isa = PBXFileReference; lastKnownFileType = text.plist.xml; path = Info.plist; sourceTree = "<group>"; };
		64326FAD9D3BAF6C963AAD15A240B51B /* AppDelegate.h */ = {isa = PBXFileReference; lastKnownFileType = sourcecode.c.h; path = AppDelegate.h; sourceTree = "<group>"; };
		82859E1D83B993545ED6B40A0C375D8A /* TESTXuniqueTests.xctest */ = {isa = PBXFileReference; explicitFileType = wrapper.cfbundle; includeInIndex = 0; path = TESTXuniqueTests.xctest; sourceTree = BUILT_PRODUCTS_DIR; };
		8297783E26738AE71072CCD8D2BA8E2F /* libPods-TESTXuniqueTests.a */ = {isa = PBXFileReference; explicitFileType = archive.ar; includeInIndex = 0; path = "libPods-TESTXuniqueTests.a"; sourceTree = BUILT_PRODUCTS_DIR; };
		8AD5F20D262E07190312067FCA459E6A /* ViewController.m */ = {isa = PBXFileReference; lastKnownFileType = sourcecode.c.objc; path = ViewController.m; sourceTree = "<group>"; };
		91CEEF6EB83BF6473D4084ECDF13677C /* Info.plist */ = {isa = PBXFileReference; lastKnownFileType = text.plist.xml; path = Info.plist; sourceTree = "<group>"; };
		973C7840A8DA20A59D33F1A41B2C1CD8 /* Base */ = {isa = PBXFileReference; lastKnownFileType = file.storyboard; name = Base; path = Base.lproj/Main.storyboard; sourceTree = "<group>"; };
		ABD54A39F685FB4FB049292C73121A4D /* Pods-TESTXuniqueTests.debug.xcconfig */ = {isa = PBXFileReference; includeInIndex = 1; lastKnownFileType = text.xcconfig; name = "Pods-TESTXuniqueTests.debug.xcconfig"; path = "Pods/Target Support Files/Pods-TESTXuniqueTests/Pods-TESTXuniqueTests.debug.xcconfig"; sourceTree = "<group>"; };
		AF5152A9D0DAACFC81B7F8DD068853A3 /* libPods-TESTXunique.a */ = {isa = PBXFileReference; explicitFileType = archive.ar; includeInIndex = 0; path = "libPods-TESTXunique.a"; sourceTree = BUILT_PRODUCTS_DIR; };
		B0DB2E256330E2B2209C9317E7EF30A7 /* main.m */ = {isa = PBXFileReference; lastKnownFileType = sourcecode.c.objc; path = main.m; sourceTree = "<group>"; };
		C3F04D24DBECE8508AA86B109CD2A027 /* Pods-TESTXuniqueTests.release.xcconfig */ = {isa = PBXFileReference; includeInIndex = 1; lastKnownFileType = text.xcconfig; name = "Pods-TESTXuniqueTests.release.xcconfig"; path = "Pods/Target Support Files/Pods-TESTXuniqueTests/Pods-TESTXuniqueTests.release.xcconfig"; sourceTree = "<group>"; };
		C877C8927B5DE89E31DBF1C6F695C56C /* Pods-TESTXuniqueUITests.debug.xcconfig */ = {isa = PBXFileReference; includeInIndex = 1; lastKnownFileType = text.xcconfig; name = "Pods-TESTXuniqueUITests.debug.xcconfig"; path = "Pods/Target Support Files/Pods-TESTXuniqueUITests/Pods-TESTXuniqueUITests.debug.xcconfig"; sourceTree = "<group>"; };
		D62B5BD3E8CACE65FB9DA8235F40B22B /* TESTXuniqueUITests.m */ = {isa = PBXFileReference; lastKnownFileType = sourcecode.c.objc; path = TESTXuniqueUITests.m; sourceTree = "<group>"; };
		E32BFC9AD1A71AC8E76EEB21B663E69D /* Pods-TESTXunique.release.xcconfig */ = {isa = PBXFileReference; includeInIndex = 1; lastKnownFileType = text.xcconfig; name = "Pods-TESTXunique.release.xcconfig"; path = "Pods/Target Support Files/Pods-TESTXunique/Pods-TESTXunique.release.xcconfig"; sourceTree = "<group>"; };
		EAB2BA89A54029086DFE05E79843FC41 /* TESTXuniqueUITests.xctest */ = {isa = PBXFileReference; explicitFileType = wrapper.cfbundle; includeInIndex = 0; path = TESTXuniqueUITests.xctest; sourceTree = BUILT_PRODUCTS_DIR; };
		FAB4332D3458113CFB6F852229F834AD /* Pods-TESTXunique.debug.xcconfig */ = {isa = PBXFileReference; includeInIndex = 1; lastKnownFileType = text.xcconfig; name = "Pods-TESTXunique.debug.xcconfig"; path = "Pods/Target Support Files/Pods-TESTXunique/Pods-TESTXunique.debug.xcconfig"; sourceTree = "<group>"; };
		FC1A08285C6D2187EA67EE5A1FCC9532 /* Base */ = {isa = PBXFileReference; lastKnownFileType = file.storyboard; name = Base; path = Base.lproj/LaunchScreen.storyboard; sourceTree = "<group>"; };
/* End PBXFileReference section */

/* Begin PBXFrameworksBuildPhase section */
		9F370285F8BD69CBF700B7A272A1433F /* Frameworks */ = {
			isa = PBXFrameworksBuildPhase;
			buildActionMask = 2147483647;
			files = (
				E0A3C8F9BED1DDE35A558D3AA90CA34F /* libPods-TESTXunique.a in Frameworks */,
			);
			runOnlyForDeploymentPostprocessing = 0;
		};
		41A65198FCF6597C4A92FB4F25D67CEE /* Frameworks */ = {
			isa = PBXFrameworksBuildPhase;
			buildActionMask = 2147483647;
			files = (
				56CC54B12950002CEA2EE341796F8A3C /* libPods-TESTXuniqueTests.a in Frameworks */,
			);
			runOnlyForDeploymentPostprocessing = 0;
		};
		72BDC6047BF57E662180E9CAA10FF48F /* Frameworks */ = {
			isa = PBXFrameworksBuildPhase;
			buildActionMask = 2147483647;
			files = (
				3C0441248E8AA102F9F981BA9767E23B /* libPods-TESTXuniqueUITests.a in Frameworks */,
			);
			runOnlyForDeploymentPostprocessing = 0;
		};
/* End PBXFrameworksBuildPhase section */

/* Begin PBXGroup section */
		1CF8121EF1986FE97C3A3372EED8A5EC /* Frameworks */ = {
			isa = PBXGroup;
			children = (
				AF5152A9D0DAACFC81B7F8DD068853A3 /* libPods-TESTXunique.a */,
				8297783E26738AE71072CCD8D2BA8E2F /* libPods-TESTXuniqueTests.a */,
				2968983E0AACF0B9110501B0C7C071ED /* libPods-TESTXuniqueUITests.a */,
			);
			name = Frameworks;
			sourceTree = "<group>";
		};
		C1E7F890FD18AB2ED51E2CAB788B6951 /* Pods */ = {
			isa = PBXGroup;
			children = (
				FAB4332D3458113CFB6F852229F834AD /* Pods-TESTXunique.debug.xcconfig */,
				E32BFC9AD1A71AC8E76EEB21B663E69D /* Pods-TESTXunique.release.xcconfig */,
				ABD54A39F685FB4FB049292C73121A4D /* Pods-TESTXuniqueTests.debug.xcconfig */,
				C3F04D24DBECE8508AA86B109CD2A027 /* Pods-TESTXuniqueTests.release.xcconfig */,
				C877C8927B5DE89E31DBF1C6F695C56C /* Pods-TESTXuniqueUITests.debug.xcconfig */,
				4CCC4B31945C077520645FB497CD9429 /* Pods-TESTXuniqueUITests.release.xcconfig */,
			);
			name = Pods;
			sourceTree = "<group>";
		};
		63C125C719180345027DBACAECDC8775 = {
			isa = PBXGroup;
			children = (
				1CF8121EF1986FE97C3A3372EED8A5EC /* Frameworks */,
				C1E7F890FD18AB2ED51E2CAB788B6951 /* Pods */,
				AAE6530E4151347EF3481472587AE519 /* Products */,
				D3A3927259017BC487574EF97CDE872D /* TESTXunique */,
				756092A06AC5923CF3B70A2904154608 /* TESTXuniqueTests */,
				F6B5AE204655A429B7CE36764DF05D21 /* TESTXuniqueUITests */,
			);
			sourceTree = "<group>";
		};
		AAE6530E4151347EF3481472587AE519 /* Products */ = {
			isa = PBXGroup;
			children = (
				0142F872FA202719090E42A573DB9767 /* TESTXunique.app */,
				82859E1D83B993545ED6B40A0C375D8A /* TESTXuniqueTests.xctest */,
				EAB2BA89A54029086DFE05E79843FC41 /* TESTXuniqueUITests.xctest */,
			);
			name = Products;
			sourceTree = "<group>";
		};
		D3A3927259017BC487574EF97CDE872D /* TESTXunique */ = {
			isa = PBXGroup;
			children = (
				64326FAD9D3BAF6C963AAD15A240B51B /* AppDelegate.h */,
				5235810C71D79A79D8CD6EAC8942F9F9 /* AppDelegate.m */,
				3012A867504E44852049A6042E842860 /* Assets.xcassets */,
				1FC1B9BDB313C3E408DEAC3B83562CEA /* Info.plist */,
				3D70AD91CFD008F6B83A0D31D0415F0E /* LaunchScreen.storyboard */,
				EE13236F4DF93EC3AD208163EE68EA71 /* Main.storyboard */,
				555A232CE81F1475ADC24F6C6695E660 /* ViewController.h */,
				8AD5F20D262E07190312067FCA459E6A /* ViewController.m */,
				B0DB2E256330E2B2209C9317E7EF30A7 /* main.m */,
			);
			path = TESTXunique;
			sourceTree = "<group>";
		};
		756092A06AC5923CF3B70A2904154608 /* TESTXuniqueTests */ = {
			isa = PBXGroup;
			children = (
				5F9FD5BBDB7421EBC44171DAA2BBF4CC /* Info.plist */,
				07721F0CF812EFD08B9B18F1BFE505A9 /* TESTXuniqueTests.m */,
			);
			path = TESTXuniqueTests;
			sourceTree = "<group>";
		};
		F6B5AE204655A429B7CE36764DF05D21 /* TESTXuniqueUITests */ = {
			isa = PBXGroup;
			children = (
				91CEEF6EB83BF6473D4084ECDF13677C /* Info.plist */,
				D62B5BD3E8CACE65FB9DA8235F40B22B /* TESTXuniqueUITests.m */,
			);
			path = TESTXuniqueUITests;
			sourceTree = "<group>";
		};
/* End PBXGroup section */

/* Begin PBXNativeTarget section */
		8CBE91932FDC3AFE62DA836718399A79 /* TESTXunique */ = {
			isa = PBXNativeTarget;
			buildConfigurationList = 66909A507A256BBF9648802550C3AB2B /* Build configuration list for PBXNativeTarget "TESTXunique" */;
			buildPhases = (
				9A0FD09596B733D177712066347FA7B9 /* [CP] Check Pods Manifest.lock */,
				FC577E8F7010B2E5D723783099453631 /* Sources */,
				9F370285F8BD69CBF700B7A272A1433F /* Frameworks */,
				68DC146E0EC27848E52C00E8ADB308FB /* Resources */,
				16B4E8E1E21B82F431E1CE761CA80263 /* [CP] Embed Pods Frameworks */,
				4D4213AC73D5E5C3979325E4947C7AC1 /* [CP] Copy Pods Resources */,
			);
			buildRules = (
			);
			dependencies = (
			);
			name = TESTXunique;
			productName = TESTXunique;
			productReference = 0142F872FA202719090E42A573DB9767 /* TESTXunique.app */;
			productType = "com.apple.product-type.application";
		};
		27624B6FC50B8C9A8B41ABFAD0FAB787 /* TESTXuniqueTests */ = {
			isa = PBXNativeTarget;
			buildConfigurationList = 8F2F15897E921C6EBB6DA33CB872355A /* Build configuration list for PBXNativeTarget "TESTXuniqueTests" */;
			buildPhases = (
				98B7213364C66457566482C522535C5C /* [CP] Check Pods Manifest.lock */,
				F4A820DCEDF570EAD3B9B050ACA5FA2C /* Sources */,
				41A65198FCF6597C4A92FB4F25D67CEE /* Frameworks */,
				08A3AD69E81D4A8B61C84581456B5FE3 /* Resources */,
				F6DB959B5FBC1FC6F178CFE1C7E0FE5A /* [CP] Embed Pods Frameworks */,
				D0F6D02FDAE84EE6BC9407C58F5F496C /* [CP] Copy Pods Resources */,
			);
			buildRules = (
			);
			dependencies = (
				C4ACC5A99B51A4A06EBBE01027B6DF01 /* PBXTargetDependency */,
			);
			name = TESTXuniqueTests;
			productName = TESTXuniqueTests;
			productReference = 82859E1D83B993545ED6B40A0C375D8A /* TESTXuniqueTests.xctest */;
			productType = "com.apple.product-type.bundle.unit-test";
		};
		114903D2672E107DFD14816B133E8412 /* TESTXuniqueUITests */ = {
			isa = PBXNativeTarget;
			buildConfigurationList = 6C1915E2F0FAB5E9110D7619B7611116 /* Build configuration list for PBXNativeTarget "TESTXuniqueUITests" */;
			buildPhases = (
				08E620B28D506A527684D52D109B624E /* [CP] Check Pods Manifest.lock */,
				D4C69BC928BD7397431D7DF630B63228 /* Sources */,
				72BDC6047BF57E662180E9CAA10FF48F /* Frameworks */,
				DE802CAB06DD84349D9E9B83EFDEE0A3 /* Resources */,
				69593D087877E46247F5CF1D4BEDF3DF /* [CP] Embed Pods Frameworks */,
				428DC87D48D7010AB2788437BFB45C79 /* [CP] Copy Pods Resources */,
			);
			buildRules = (
			);
			dependencies = (
				BAA7EAA54244F9405DAE8396111683F2 /* PBXTargetDependency */,
			);
			name = TESTXuniqueUITests;
			productName = TESTXuniqueUITests;
			productReference = EAB2BA89A54029086DFE05E79843FC41 /* TESTXuniqueUITests.xctest */;
			productType = "com.apple.product-type.bundle.ui-testing";
		};
/* End PBXNativeTarget section */

/* Begin PBXProject section */
		CF9B4D3F6D518392B90B8C3594D0AB2A /* Project object */ = {
			isa = PBXProject;
			attributes = {
				LastUpgradeCheck = 0900;
				ORGANIZATIONNAME = shenzhenshihua;
				TargetAttributes = {
					8CBE91932FDC3AFE62DA836718399A79 = {
						CreatedOnToolsVersion = 9.0;
						ProvisioningStyle = Automatic;
					};
					27624B6FC50B8C9A8B41ABFAD0FAB787 = {
						CreatedOnToolsVersion = 9.0;
						ProvisioningStyle = Automatic;
						TestTargetID = 8CBE91932FDC3AFE62DA836718399A79;
					};
					114903D2672E107DFD14816B133E8412 = {
						CreatedOnToolsVersion = 9.0;
						ProvisioningStyle = Automatic;
						TestTargetID = 8CBE91932FDC3AFE62DA836718399A79;
					};
				};
			};
			buildConfigurationList = 6F101C79A6D725264D473B65A609E88F /* Build configuration list for PBXProject "TESTXunique" */;
			compatibilityVersion = "Xcode 8.0";
			developmentRegion = en;
			hasScannedForEncodings = 0;
			knownRegions = (
				en,
				Base,
			);
			mainGroup = 63C125C719180345027DBACAECDC8775;
			productRefGroup = AAE6530E4151347EF3481472587AE519 /* Products */;
			projectDirPath = "";
			projectRoot = "";
			targets = (
				8CBE91932FDC3AFE62DA836718399A79 /* TESTXunique */,
				27624B6FC50B8C9A8B41ABFAD0FAB787 /* TESTXuniqueTests */,
				114903D2672E107DFD14816B133E8412 /* TESTXuniqueUITests */,
			);
		};
/* End PBXProject section */

/* Begin PBXResourcesBuildPhase section */
		68DC146E0EC27848E52C00E8ADB308FB /* Resources */ = {
			isa = PBXResourcesBuildPhase;
			buildActionMask = 2147483647;
			files = (
				0B75B0DBA9816BCCCF1F4B0D86212395 /* Assets.xcassets in Resources */,
				4124B96185CA4F9D4F043DD2E9DC9EC0 /* LaunchScreen.storyboard in Resources */,
				F8A2335087E09AEE8C3E952E47FB9484 /* Main.storyboard in Resources */,
			);
			runOnlyForDeploymentPostprocessing = 0;
		};
		08A3AD69E81D4A8B61C84581456B5FE3 /* Resources */ = {
			isa = PBXResourcesBuildPhase;
			buildActionMask = 2147483647;
			files = (
			);
			runOnlyForDeploymentPostprocessing = 0;
		};
		DE802CAB06DD84349D9E9B83EFDEE0A3 /* Resources */ = {
			isa = PBXResourcesBuildPhase;
			buildActionMask = 2147483647;
			files = (
			);
			runOnlyForDeploymentPostprocessing = 0;
		};
/* End PBXResourcesBuildPhase section */

/* Begin PBXShellScriptBuildPhase section */
		D0F6D02FDAE84EE6BC9407C58F5F496C /* [CP] Copy Pods Resources */ = {
			isa = PBXShellScriptBuildPhase;
			buildActionMask = 2147483647;
			files = (
			);
			inputPaths = (
			);
			name = "[CP] Copy Pods Resources";
			outputPaths = (
			);
			runOnlyForDeploymentPostprocessing = 0;
			shellPath = /bin/sh;
			shellScript = "\"${SRCROOT}/Pods/Target Support Files/Pods-TESTXuniqueTests/Pods-TESTXuniqueTests-resources.sh\"\n";
			showEnvVarsInLog = 0;
		};
		08E620B28D506A527684D52D109B624E /* [CP] Check Pods Manifest.lock */ = {
			isa = PBXShellScriptBuildPhase;
			buildActionMask = 2147483647;
			files = (
			);
			inputPaths = (
			);
			name = "[CP] Check Pods Manifest.lock";
			outputPaths = (
			);
			runOnlyForDeploymentPostprocessing = 0;
			shellPath = /bin/sh;
			shellScript = "diff \"${PODS_ROOT}/../Podfile.lock\" \"${PODS_ROOT}/Manifest.lock\" > /dev/null\nif [ $? != 0 ] ; then\n    # print error to STDERR\n    echo \"error: The sandbox is not in sync with the Podfile.lock. Run 'pod install' or update your CocoaPods installation.\" >&2\n    exit 1\nfi\n";
			showEnvVarsInLog = 0;
		};
		16B4E8E1E21B82F431E1CE761CA80263 /* [CP] Embed Pods Frameworks */ = {
			isa = PBXShellScriptBuildPhase;
			buildActionMask = 2147483647;
			files = (
			);
			inputPaths = (
			);
			name = "[CP] Embed Pods Frameworks";
			outputPaths = (
			);
			runOnlyForDeploymentPostprocessing = 0;
			shellPath = /bin/sh;
			shellScript = "\"${SRCROOT}/Pods/Target Support Files/Pods-TESTXunique/Pods-TESTXunique-frameworks.sh\"\n";
			showEnvVarsInLog = 0;
		};
		98B7213364C66457566482C522535C5C /* [CP] Check Pods Manifest.lock */ = {
			isa = PBXShellScriptBuildPhase;
			buildActionMask = 2147483647;
			files = (
			);
			inputPaths = (
			);
			name = "[CP] Check Pods Manifest.lock";
			outputPaths = (
			);
			runOnlyForDeploymentPostprocessing = 0;
			shellPath = /bin/sh;
			shellScript = "diff \"${PODS_ROOT}/../Podfile.lock\" \"${PODS_ROOT}/Manifest.lock\" > /dev/null\nif [ $? != 0 ] ; then\n    # print error to STDERR\n    echo \"error: The sandbox is not in sync with the Podfile.lock. Run 'pod install' or update your CocoaPods installation.\" >&2\n    exit 1\nfi\n";
			showEnvVarsInLog = 0;
		};
		69593D087877E46247F5CF1D4BEDF3DF /* [CP] Embed Pods Frameworks */ = {
			isa = PBXShellScriptBuildPhase;
			buildActionMask = 2147483647;
			files = (
			);
			inputPaths = (
			);
			name = "[CP] Embed Pods Frameworks";
			outputPaths = (
			);
			runOnlyForDeploymentPostprocessing = 0;
			shellPath = /bin/sh;
			shellScript = "\"${SRCROOT}/Pods/Target Support Files/Pods-TESTXuniqueUITests/Pods-TESTXuniqueUITests-frameworks.sh\"\n";
			showEnvVarsInLog = 0;
		};
		4D4213AC73D5E5C3979325E4947C7AC1 /* [CP] Copy Pods Resources */ = {
			isa = PBXShellScriptBuildPhase;
			buildActionMask = 2147483647;
			files = (
			);
			inputPaths = (
			);
			name = "[CP] Copy Pods Resources";
			outputPaths = (
			);
			runOnlyForDeploymentPostprocessing = 0;
			shellPath = /bin/sh;
			shellScript = "\"${SRCROOT}/Pods/Target Support Files/Pods-TESTXunique/Pods-TESTXunique-resources.sh\"\n";
			showEnvVarsInLog = 0;
		};
		428DC87D48D7010AB2788437BFB45C79 /* [CP] Copy Pods Resources */ = {
			isa = PBXShellScriptBuildPhase;
			buildActionMask = 2147483647;
			files = (
			);
			inputPaths = (
			);
			name = "[CP] Copy Pods Resources";
			outputPaths = (
			);
			runOnlyForDeploymentPostprocessing = 0;
			shellPath = /bin/sh;
			shellScript = "\"${SRCROOT}/Pods/Target Support Files/Pods-TESTXuniqueUITests/Pods-TESTXuniqueUITests-resources.sh\"\n";
			showEnvVarsInLog = 0;
		};
		9A0FD09596B733D177712066347FA7B9 /* [CP] Check Pods Manifest.lock */ = {
			isa = PBXShellScriptBuildPhase;
			buildActionMask = 2147483647;
			files = (
			);
			inputPaths = (
			);
			name = "[CP] Check Pods Manifest.lock";
			outputPaths = (
			);
			runOnlyForDeploymentPostprocessing = 0;
			shellPath = /bin/sh;
			shellScript = "diff \"${PODS_ROOT}/../Podfile.lock\" \"${PODS_ROOT}/Manifest.lock\" > /dev/null\nif [ $? != 0 ] ; then\n    # print error to STDERR\n    echo \"error: The sandbox is not in sync with the Podfile.lock. Run 'pod install' or update your CocoaPods installation.\" >&2\n    exit 1\nfi\n";
			showEnvVarsInLog = 0;
		};
		F6DB959B5FBC1FC6F178CFE1C7E0FE5A /* [CP] Embed Pods Frameworks */ = {
			isa = PBXShellScriptBuildPhase;
			buildActionMask = 2147483647;
			files = (
			);
			inputPaths = (
			);
			name = "[CP] Embed Pods Frameworks";
			outputPaths = (
			);
			runOnlyForDeploymentPostprocessing = 0;
			shellPath = /bin/sh;
			shellScript = "\"${SRCROOT}/Pods/Target Support Files/Pods-TESTXuniqueTests/Pods-TESTXuniqueTests-frameworks.sh\"\n";
			showEnvVarsInLog = 0;
		};
/* End PBXShellScriptBuildPhase section */

/* Begin PBXSourcesBuildPhase section */
		FC577E8F7010B2E5D723783099453631 /* Sources */ = {
			isa = PBXSourcesBuildPhase;
			buildActionMask = 2147483647;
			files = (
				86B31E7DC41B0373FE04267AFD54A161 /* AppDelegate.m in Sources */,
				CED81C598C369F2F617F617CCCB7C71A /* ViewController.m in Sources */,
				C4F6459B70EBEE76A93181F35BC6E2A4 /* main.m in Sources */,
			);
			runOnlyForDeploymentPostprocessing = 0;
		};
		F4A820DCEDF570EAD3B9B050ACA5FA2C /* Sources */ = {
			isa = PBXSourcesBuildPhase;
			buildActionMask = 2147483647;
			files = (
				5AFC85CA3EE575D03EB5960ABF39695F /* TESTXuniqueTests.m in Sources */,
			);
			runOnlyForDeploymentPostprocessing = 0;
		};
		D4C69BC928BD7397431D7DF630B63228 /* Sources */ = {
			isa = PBXSourcesBuildPhase;
			buildActionMask = 2147483647;
			files = (
				E895B828BC51E83DF4301ED2B90EAFE6 /* TESTXuniqueUITests.m in Sources */,
			);
			runOnlyForDeploymentPostprocessing = 0;
		};
/* End PBXSourcesBuildPhase section */

/* Begin PBXTargetDependency section */
		C4ACC5A99B51A4A06EBBE01027B6DF01 /* PBXTargetDependency */ = {
			isa = PBXTargetDependency;
			target = 8CBE91932FDC3AFE62DA836718399A79 /* TESTXunique */;
			targetProxy = CDB4AD37BD8B5EA67F6A86705B7FDF5E /* PBXContainerItemProxy */;
		};
		BAA7EAA54244F9405DAE8396111683F2 /* PBXTargetDependency */ = {
			isa = PBXTargetDependency;
			target = 8CBE91932FDC3AFE62DA836718399A79 /* TESTXunique */;
			targetProxy = 89E764B819DADFE47E5535B10337F794 /* PBXContainerItemProxy */;
		};
/* End PBXTargetDependency section */

/* Begin PBXVariantGroup section */
		EE13236F4DF93EC3AD208163EE68EA71 /* Main.storyboard */ = {
			isa = PBXVariantGroup;
			children = (
				973C7840A8DA20A59D33F1A41B2C1CD8 /* Base */,
			);
			name = Main.storyboard;
			sourceTree = "<group>";
		};
		3D70AD91CFD008F6B83A0D31D0415F0E /* LaunchScreen.storyboard */ = {
			isa = PBXVariantGroup;
			children = (
				FC1A08285C6D2187EA67EE5A1FCC9532 /* Base */,
			);
			name = LaunchScreen.storyboard;
			sourceTree = "<group>";
		};
/* End PBXVariantGroup section */

/* Begin XCBuildConfiguration section */
		ECBEE6E85539087A0EB51BB1768A8377 /* Debug */ = {
			isa = XCBuildConfiguration;
			buildSettings = {
				ALWAYS_SEARCH_USER_PATHS = NO;
				CLANG_ANALYZER_NONNULL = YES;
				CLANG_ANALYZER_NUMBER_OBJECT_CONVERSION = YES_AGGRESSIVE;
				CLANG_CXX_LANGUAGE_STANDARD = "gnu++14";
				CLANG_CXX_LIBRARY = "libc++";
				CLANG_ENABLE_MODULES = YES;
				CLANG_ENABLE_OBJC_ARC = YES;
				CLANG_WARN_BLOCK_CAPTURE_AUTORELEASING = YES;
				CLANG_WARN_BOOL_CONVERSION = YES;
				CLANG_WARN_COMMA = YES;
				CLANG_WARN_CONSTANT_CONVERSION = YES;
				CLANG_WARN_DIRECT_OBJC_ISA_USAGE = YES_ERROR;
				CLANG_WARN_DOCUMENTATION_COMMENTS = YES;
				CLANG_WARN_EMPTY_BODY = YES;
				CLANG_WARN_ENUM_CONVERSION = YES;
				CLANG_WARN_INFINITE_RECURSION = YES;
				CLANG_WARN_INT_CONVERSION = YES;
				CLANG_WARN_NON_LITERAL_NULL_CONVERSION = YES;
				CLANG_WARN_OBJC_LITERAL_CONVERSION = YES;
				CLANG_WARN_OBJC_ROOT_CLASS = YES_ERROR;
				CLANG_WARN_RANGE_LOOP_ANALYSIS = YES;
				CLANG_WARN_STRICT_PROTOTYPES = YES;
				CLANG_WARN_SUSPICIOUS_MOVE = YES;
				CLANG_WARN_UNGUARDED_AVAILABILITY = YES_AGGRESSIVE;
				CLANG_WARN_UNREACHABLE_CODE = YES;
				CLANG_WARN__DUPLICATE_METHOD_MATCH = YES;
				CODE_SIGN_IDENTITY = "iPhone Developer";
				COPY_PHASE_STRIP = NO;
				DEBUG_INFORMATION_FORMAT = dwarf;
				ENABLE_STRICT_OBJC_MSGSEND = YES;
				ENABLE_TESTABILITY = YES;
				GCC_C_LANGUAGE_STANDARD = gnu11;
				GCC_DYNAMIC_NO_PIC = NO;
				GCC_NO_COMMON_BLOCKS = YES;
				GCC_OPTIMIZATION_LEVEL = 0;
				GCC_PREPROCESSOR_DEFINITIONS = (
					"DEBUG=1",
					"$(inherited)",
				);
				GCC_WARN_64_TO_32_BIT_CONVERSION = YES;
				GCC_WARN_ABOUT_RETURN_TYPE = YES_ERROR;
				GCC_WARN_UNDECLARED_SELECTOR = YES;
				GCC_WARN_UNINITIALIZED_AUTOS = YES_AGGRESSIVE;
				GCC_WARN_UNUSED_FUNCTION = YES;
				GCC_WARN_UNUSED_VARIABLE = YES;
				IPHONEOS_DEPLOYMENT_TARGET = 11.0;
				MTL_ENABLE_DEBUG_INFO = YES;
				ONLY_ACTIVE_ARCH = YES;
				SDKROOT = iphoneos;
			};
			name = Debug;
		};
		ED305E98ACC1C0E49FE7C54A690DEC8F /* Release */ = {
			isa = XCBuildConfiguration;
			buildSettings = {
				ALWAYS_SEARCH_USER_PATHS = NO;
				CLANG_ANALYZER_NONNULL = YES;
				CLANG_ANALYZER_NUMBER_OBJECT_CONVERSION = YES_AGGRESSIVE;
				CLANG_CXX_LANGUAGE_STANDARD = "gnu++14";
				CLANG_CXX_LIBRARY = "libc++";
				CLANG_ENABLE_MODULES = YES;
				CLANG_ENABLE_OBJC_ARC = YES;
				CLANG_WARN_BLOCK_CAPTURE_AUTORELEASING = YES;
				CLANG_WARN_BOOL_CONVERSION = YES;
				CLANG_WARN_COMMA = YES;
				CLANG_WARN_CONSTANT_CONVERSION = YES;
				CLANG_WARN_DIRECT_OBJC_ISA_USAGE = YES_ERROR;
				CLANG_WARN_DOCUMENTATION_COMMENTS = YES;
				CLANG_WARN_EMPTY_BODY = YES;
				CLANG_WARN_ENUM_CONVERSION = YES;
				CLANG_WARN_INFINITE_RECURSION = YES;
				CLANG_WARN_INT_CONVERSION = YES;
				CLANG_WARN_NON_LITERAL_NULL_CONVERSION = YES;
				CLANG_WARN_OBJC_LITERAL_CONVERSION = YES;
				CLANG_WARN_OBJC_ROOT_CLASS = YES_ERROR;
				CLANG_WARN_RANGE_LOOP_ANALYSIS = YES;
				CLANG_WARN_STRICT_PROTOTYPES = YES;
				CLANG_WARN_SUSPICIOUS_MOVE = YES;
				CLANG_WARN_UNGUARDED_AVAILABILITY = YES_AGGRESSIVE;
				CLANG_WARN_UNREACHABLE_CODE = YES;
				CLANG_WARN__DUPLICATE_METHOD_MATCH = YES;
				CODE_SIGN_IDENTITY = "iPhone Developer";
				COPY_PHASE_STRIP = NO;
				DEBUG_INFORMATION_FORMAT = "dwarf-with-dsym";
				ENABLE_NS_ASSERTIONS = NO;
				ENABLE_STRICT_OBJC_MSGSEND = YES;
				GCC_C_LANGUAGE_STANDARD = gnu11;
				GCC_NO_COMMON_BLOCKS = YES;
				GCC_WARN_64_TO_32_BIT_CONVERSION = YES;
				GCC_WARN_ABOUT_RETURN_TYPE = YES_ERROR;
				GCC_WARN_UNDECLARED_SELECTOR = YES;
				GCC_WARN_UNINITIALIZED_AUTOS = YES_AGGRESSIVE;
				GCC_WARN_UNUSED_FUNCTION = YES;
				GCC_WARN_UNUSED_VARIABLE = YES;
				IPHONEOS_DEPLOYMENT_TARGET = 11.0;
				MTL_ENABLE_DEBUG_INFO = NO;
				SDKROOT = iphoneos;
				VALIDATE_PRODUCT = YES;
			};
			name = Release;
		};
		79C9A67F08533D7E10AEDC2F246CB239 /* Debug */ = {
			isa = XCBuildConfiguration;
			baseConfigurationReference = FAB4332D3458113CFB6F852229F834AD /* Pods-TESTXunique.debug.xcconfig */;
			buildSettings = {
				ASSETCATALOG_COMPILER_APPICON_NAME = AppIcon;
				CODE_SIGN_STYLE = Automatic;
				DEVELOPMENT_TEAM = G4E6298X77;
				INFOPLIST_FILE = TESTXunique/Info.plist;
				LD_RUNPATH_SEARCH_PATHS = "$(inherited) @executable_path/Frameworks";
				PRODUCT_BUNDLE_IDENTIFIER = SH.TESTXunique;
				PRODUCT_NAME = "$(TARGET_NAME)";
				TARGETED_DEVICE_FAMILY = "1,2";
			};
			name = Debug;
		};
		D41D1E23B2932D89EC47637AF51DD145 /* Release */ = {
			isa = XCBuildConfiguration;
			baseConfigurationReference = E32BFC9AD1A71AC8E76EEB21B663E69D /* Pods-TESTXunique.release.xcconfig */;
			buildSettings = {
				ASSETCATALOG_COMPILER_APPICON_NAME = AppIcon;
				CODE_SIGN_STYLE = Automatic;
				DEVELOPMENT_TEAM = G4E6298X77;
				INFOPLIST_FILE = TESTXunique/Info.plist;
				LD_RUNPATH_SEARCH_PATHS = "$(inherited) @executable_path/Frameworks";
				PRODUCT_BUNDLE_IDENTIFIER = SH.TESTXunique;
				PRODUCT_NAME = "$(TARGET_NAME)";
				TARGETED_DEVICE_FAMILY = "1,2";
			};
			name = Release;
		};
		8CD784D7F7E53BE3E1CC0B2DC46DEB10 /* Debug */ = {
			isa = XCBuildConfiguration;
			baseConfigurationReference = ABD54A39F685FB4FB049292C73121A4D /* Pods-TESTXuniqueTests.debug.xcconfig */;
			buildSettings = {
				BUNDLE_LOADER = "$(TEST_HOST)";
				CODE_SIGN_STYLE = Automatic;
				DEVELOPMENT_TEAM = G4E6298X77;
				INFOPLIST_FILE = TESTXuniqueTests/Info.plist;
				LD_RUNPATH_SEARCH_PATHS = "$(inherited) @executable_path/Frameworks @loader_path/Frameworks";
				PRODUCT_BUNDLE_IDENTIFIER = SH.TESTXuniqueTests;
				PRODUCT_NAME = "$(TARGET_NAME)";
				TARGETED_DEVICE_FAMILY = "1,2";
				TEST_HOST = "$(BUILT_PRODUCTS_DIR)/TESTXunique.app/TESTXunique";
			};
			name = Debug;
		};
		107E61F74F96D79995BDABBB20D8BCA1 /* Release */ = {
			isa = XCBuildConfiguration;
			baseConfigurationReference = C3F04D24DBECE8508AA86B109CD2A027 /* Pods-TESTXuniqueTests.release.xcconfig */;
			buildSettings = {
				BUNDLE_LOADER = "$(TEST_HOST)";
				CODE_SIGN_STYLE = Automatic;
				DEVELOPMENT_TEAM = G4E6298X77;
				INFOPLIST_FILE = TESTXuniqueTests/Info.plist;
				LD_RUNPATH_SEARCH_PATHS = "$(inherited) @executable_path/Frameworks @loader_path/Frameworks";
				PRODUCT_BUNDLE_IDENTIFIER = SH.TESTXuniqueTests;
				PRODUCT_NAME = "$(TARGET_NAME)";
				TARGETED_DEVICE_FAMILY = "1,2";
				TEST_HOST = "$(BUILT_PRODUCTS_DIR)/TESTXunique.app/TESTXunique";
			};
			name = Release;
		};
		04C7BBDB6134D594E56C286A84A3AB83 /* Debug */ = {
			isa = XCBuildConfiguration;
			baseConfigurationReference = C877C8927B5DE89E31DBF1C6F695C56C /* Pods-TESTXuniqueUITests.debug.xcconfig */;
			buildSettings = {
				CODE_SIGN_STYLE = Automatic;
				DEVELOPMENT_TEAM = G4E6298X77;
				INFOPLIST_FILE = TESTXuniqueUITests/Info.plist;
				LD_RUNPATH_SEARCH_PATHS = "$(inherited) @executable_path/Frameworks @loader_path/Frameworks";
				PRODUCT_BUNDLE_IDENTIFIER = SH.TESTXuniqueUITests;
				PRODUCT_NAME = "$(TARGET_NAME)";
				TARGETED_DEVICE_FAMILY = "1,2";
				TEST_TARGET_NAME = TESTXunique;
			};
			name = Debug;
		};
		E9EDB5CC08BDCE1EA686067955E0E085 /* Release */ = {
			isa = XCBuildConfiguration;
			baseConfigurationReference = 4CCC4B31945C077520645FB497CD9429 /* Pods-TESTXuniqueUITests.release.xcconfig */;
			buildSettings = {
				CODE_SIGN_STYLE = Automatic;
				DEVELOPMENT_TEAM = G4E6298X77;
				INFOPLIST_FILE = TESTXuniqueUITests/Info.plist;
				LD_RUNPATH_SEARCH_PATHS = "$(inherited) @executable_path/Frameworks @loader_path/Frameworks";
				PRODUCT_BUNDLE_IDENTIFIER = SH.TESTXuniqueUITests;
				PRODUCT_NAME = "$(TARGET_NAME)";
				TARGETED_DEVICE_FAMILY = "1,2";
				TEST_TARGET_NAME = TESTXunique;
			};
			name = Release;
		};
/* End XCBuildConfiguration section */

/* Begin XCConfigurationList section */
		6F101C79A6D725264D473B65A609E88F /* Build configuration list for PBXProject "TESTXunique" */ = {
			isa = XCConfigurationList;
			buildConfigurations = (
				ECBEE6E85539087A0EB51BB1768A8377 /* Debug */,
				ED305E98ACC1C0E49FE7C54A690DEC8F /* Release */,
			);
			defaultConfigurationIsVisible = 0;
			defaultConfigurationName = Release;
		};
		66909A507A256BBF9648802550C3AB2B /* Build configuration list for PBXNativeTarget "TESTXunique" */ = {
			isa = XCConfigurationList;
			buildConfigurations = (
				79C9A67F08533D7E10AEDC2F246CB239 /* Debug */,
				D41D1E23B2932D89EC47637AF51DD145 /* Release */,
			);
			defaultConfigurationIsVisible = 0;
			defaultConfigurationName = Release;
		};
		8F2F15897E921C6EBB6DA33CB872355A /* Build configuration list for PBXNativeTarget "TESTXuniqueTests" */ = {
			isa = XCConfigurationList;
			buildConfigurations = (
				8CD784D7F7E53BE3E1CC0B2DC46DEB10 /* Debug */,
				107E61F74F96D79995BDABBB20D8BCA1 /* Release */,
			);
			defaultConfigurationIsVisible = 0;
			defaultConfigurationName = Release;
		};
		6C1915E2F0FAB5E9110D7619B7611116 /* Build configuration list for PBXNativeTarget "TESTXuniqueUITests" */ = {
			isa = XCConfigurationList;
			buildConfigurations = (
				04C7BBDB6134D594E56C286A84A3AB83 /* Debug */,
				E9EDB5CC08BDCE1EA686067955E0E085 /* Release */,
			);
			defaultConfigurationIsVisible = 0;
			defaultConfigurationName = Release;
		};
/* End XCConfigurationList section */
	};
	rootObject = CF9B4D3F6D518392B90B8C3594D0AB2A /* Project object */;
}
